
Microsoft Visual Studio Solution File, Format Version 12.00
# Visual Studio Version 17
VisualStudioVersion = 17.0.32112.339
MinimumVisualStudioVersion = 10.0.40219.1
Project("{FAE04EC0-301F-11D3-BF4B-00C04F79EFBC}") = "CSharp", "CSharp\CSharp.csproj", "{CDC719D4-30E8-4D35-BBFF-E5A9C9232580}"
EndProject
Global
	GlobalSection(SolutionConfigurationPlatforms) = preSolution
		Debug|Any CPU = Debug|Any CPU
		Release|Any CPU = Release|Any CPU
	EndGlobalSection
	GlobalSection(ProjectConfigurationPlatforms) = postSolution
		{CDC719D4-30E8-4D35-BBFF-E5A9C9232580}.Debug|Any CPU.ActiveCfg = Debug|Any CPU
		{CDC719D4-30E8-4D35-BBFF-E5A9C9232580}.Debug|Any CPU.Build.0 = Debug|Any CPU
		{CDC719D4-30E8-4D35-BBFF-E5A9C9232580}.Release|Any CPU.ActiveCfg = Release|Any CPU
		{CDC719D4-30E8-4D35-BBFF-E5A9C9232580}.Release|Any CPU.Build.0 = Release|Any CPU
	EndGlobalSection
	GlobalSection(SolutionProperties) = preSolution
		HideSolutionNode = FALSE
	EndGlobalSection
	GlobalSection(ExtensibilityGlobals) = postSolution
		SolutionGuid = {E433F319-037E-4B35-BE59-980B65C5A658}
	EndGlobalSection
EndGlobal
